
Microsoft Visual Studio Solution File, Format Version 12.00
# Visual Studio Version 17
VisualStudioVersion = 17.3.32901.215
MinimumVisualStudioVersion = 10.0.40219.1
Project("{FAE04EC0-301F-11D3-BF4B-00C04F79EFBC}") = "OBS", "OBS.csproj", "{AEDBD9E6-5A82-4D21-8A86-EAEBE9E458C1}"
EndProject
Global
	GlobalSection(SolutionConfigurationPlatforms) = preSolution
		Debug|Any CPU = Debug|Any CPU
		Release|Any CPU = Release|Any CPU
	EndGlobalSection
	GlobalSection(ProjectConfigurationPlatforms) = postSolution
		{AEDBD9E6-5A82-4D21-8A86-EAEBE9E458C1}.Debug|Any CPU.ActiveCfg = Debug|Any CPU
		{AEDBD9E6-5A82-4D21-8A86-EAEBE9E458C1}.Debug|Any CPU.Build.0 = Debug|Any CPU
		{AEDBD9E6-5A82-4D21-8A86-EAEBE9E458C1}.Release|Any CPU.ActiveCfg = Release|Any CPU
		{AEDBD9E6-5A82-4D21-8A86-EAEBE9E458C1}.Release|Any CPU.Build.0 = Release|Any CPU
	EndGlobalSection
	GlobalSection(SolutionProperties) = preSolution
		HideSolutionNode = FALSE
	EndGlobalSection
	GlobalSection(ExtensibilityGlobals) = postSolution
		SolutionGuid = {5797D376-0F25-4198-85AA-F02C393E707F}
	EndGlobalSection
EndGlobal
